Microsoft Visual Studio Solution File, Format Version 11.00
# Visual Studio 2008

Project("{C35692A7-A879-9DB1-C983-CB4F11D14D5E}") = "monSelect", "Assembly-CSharp-firstpass-vs.csproj", "{AABA5E42-06DF-23F9-EBFF-2D357BB7867E}"
EndProject
Project("{C35692A7-A879-9DB1-C983-CB4F11D14D5E}") = "monSelect", "Assembly-CSharp-vs.csproj", "{DCCF0BCE-A82A-9F76-6069-4B85C67443B8}"
EndProject
Global
	GlobalSection(SolutionConfigurationPlatforms) = preSolution
		Debug|Any CPU = Debug|Any CPU
		Release|Any CPU = Release|Any CPU
	EndGlobalSection
	GlobalSection(ProjectConfigurationPlatforms) = postSolution
		{AABA5E42-06DF-23F9-EBFF-2D357BB7867E}.Debug|Any CPU.ActiveCfg = Debug|Any CPU
		{AABA5E42-06DF-23F9-EBFF-2D357BB7867E}.Debug|Any CPU.Build.0 = Debug|Any CPU
		{AABA5E42-06DF-23F9-EBFF-2D357BB7867E}.Release|Any CPU.ActiveCfg = Release|Any CPU
		{AABA5E42-06DF-23F9-EBFF-2D357BB7867E}.Release|Any CPU.Build.0 = Release|Any CPU
		{DCCF0BCE-A82A-9F76-6069-4B85C67443B8}.Debug|Any CPU.ActiveCfg = Debug|Any CPU
		{DCCF0BCE-A82A-9F76-6069-4B85C67443B8}.Debug|Any CPU.Build.0 = Debug|Any CPU
		{DCCF0BCE-A82A-9F76-6069-4B85C67443B8}.Release|Any CPU.ActiveCfg = Release|Any CPU
		{DCCF0BCE-A82A-9F76-6069-4B85C67443B8}.Release|Any CPU.Build.0 = Release|Any CPU
	EndGlobalSection
	GlobalSection(SolutionProperties) = preSolution
		HideSolutionNode = FALSE
	EndGlobalSection
																												GlobalSection(MonoDevelopProperties) = preSolution
		StartupItem = Assembly-CSharp.csproj
		Policies = $0
		$0.TextStylePolicy = $1
		$1.inheritsSet = null
		$1.scope = text/x-csharp
		$0.CSharpFormattingPolicy = $2
		$2.inheritsSet = Mono
		$2.inheritsScope = text/x-csharp
		$2.scope = text/x-csharp
		$0.TextStylePolicy = $3
		$3.FileWidth = 120
		$3.TabWidth = 4
		$3.EolMarker = Unix
		$3.inheritsSet = Mono
		$3.inheritsScope = text/plain
		$3.scope = text/plain
	EndGlobalSection

EndGlobal
